
Microsoft Visual Studio Solution File, Format Version 12.00
Project("{FAE04EC0-301F-11D3-BF4B-00C04F79EFBC}") = "SkillQuest.Server.Terminal", "skillquest\launcher\SkillQuest.Server.Terminal\SkillQuest.Server.Terminal.csproj", "{78DDB638-EEAC-48C9-881F-E6BBA986D142}"
EndProject
Project("{FAE04EC0-301F-11D3-BF4B-00C04F79EFBC}") = "SkillQuest.Client.Desktop", "skillquest\launcher\SkillQuest.Client.Desktop\SkillQuest.Client.Desktop.csproj", "{F9F06239-B191-43DF-BDB2-B201B65AD428}"
EndProject
Project("{FAE04EC0-301F-11D3-BF4B-00C04F79EFBC}") = "SkillQuest.API", "skillquest\engine\src\SkillQuest.API\SkillQuest.API.csproj", "{B37B3DC5-BB61-4F81-94B1-9A7D4408AAFF}"
EndProject
Project("{FAE04EC0-301F-11D3-BF4B-00C04F79EFBC}") = "SkillTest.API", "skillquest\engine\test\SkillTest.API\SkillTest.API.csproj", "{8F71AD0C-5DCB-4005-BCCF-9D0FBE89D202}"
EndProject
Project("{FAE04EC0-301F-11D3-BF4B-00C04F79EFBC}") = "SkillQuest.Shared.Engine", "skillquest\engine\src\SkillQuest.Shared.Engine\SkillQuest.Shared.Engine.csproj", "{0E9DEE72-4E6C-4ABA-A24F-E49E7443D2AF}"
EndProject
Project("{FAE04EC0-301F-11D3-BF4B-00C04F79EFBC}") = "SkillQuest.Server.Engine", "skillquest\engine\src\SkillQuest.Server.Engine\SkillQuest.Server.Engine.csproj", "{DD33C39E-DF25-42E5-BE74-3EC40124D963}"
EndProject
Project("{FAE04EC0-301F-11D3-BF4B-00C04F79EFBC}") = "SkillQuest.Client.Engine", "skillquest\engine\src\SkillQuest.Client.Engine\SkillQuest.Client.Engine.csproj", "{82ED07DE-2908-4306-9B0F-DC975DE63D87}"
EndProject
Project("{FAE04EC0-301F-11D3-BF4B-00C04F79EFBC}") = "SkillQuest.Client.Engine.Graphics.API", "skillquest\engine\src\SkillQuest.Client.Engine.Graphics.API\SkillQuest.Client.Engine.Graphics.API.csproj", "{42BF5E6B-375C-4445-8FDD-7BC814B7B753}"
EndProject
Project("{FAE04EC0-301F-11D3-BF4B-00C04F79EFBC}") = "SkillQuest.Client.Engine.Graphics.Vulkan", "skillquest\engine\src\SkillQuest.Client.Engine.Graphics.Vulkan\SkillQuest.Client.Engine.Graphics.Vulkan.csproj", "{21E2266A-E0DA-4A10-9C0B-95456C85DB55}"
EndProject
Project("{FAE04EC0-301F-11D3-BF4B-00C04F79EFBC}") = "SkillQuest.Client.Engine.Graphics.OpenGL", "skillquest\engine\src\SkillQuest.Client.Engine.Graphics.OpenGL\SkillQuest.Client.Engine.Graphics.OpenGL.csproj", "{75EC606A-852B-4904-BE1D-1409FD5DE31D}"
EndProject
Project("{FAE04EC0-301F-11D3-BF4B-00C04F79EFBC}") = "SkillTest.Client.Engine.Graphics.Vulkan", "skillquest\engine\test\SkillTest.Client.Engine.Graphics.Vulkan\SkillTest.Client.Engine.Graphics.Vulkan.csproj", "{24AF1EA4-B118-4518-9DC0-594D6BA7FBDD}"
EndProject
Project("{FAE04EC0-301F-11D3-BF4B-00C04F79EFBC}") = "SkillTest.Client.Engine.Graphics.OpenGL", "skillquest\engine\test\SkillTest.Client.Engine.Graphics.OpenGL\SkillTest.Client.Engine.Graphics.OpenGL.csproj", "{492E2A0D-D827-4B0A-8800-74D22244B8F1}"
EndProject
Project("{FAE04EC0-301F-11D3-BF4B-00C04F79EFBC}") = "SkillQuest.Client.Engine.Audio.API", "skillquest\engine\src\SkillQuest.Client.Engine.Audio.API\SkillQuest.Client.Engine.Audio.API.csproj", "{0B25AE24-F5F0-4EC7-80CC-AD94110E249A}"
EndProject
Project("{FAE04EC0-301F-11D3-BF4B-00C04F79EFBC}") = "SkillQuest.Client.Engine.Audio.OpenAL", "skillquest\engine\src\SkillQuest.Client.Engine.Audio.OpenAL\SkillQuest.Client.Engine.Audio.OpenAL.csproj", "{2A6A1B26-9B90-4287-A842-4AB83523F21A}"
EndProject
Project("{FAE04EC0-301F-11D3-BF4B-00C04F79EFBC}") = "SkillTest.Client.Engine.Audio.OpenAL", "skillquest\engine\test\SkillTest.Client.Engine.Audio.OpenAL\SkillTest.Client.Engine.Audio.OpenAL.csproj", "{CAE17C1C-AE1D-4514-B187-3A0BE5A1E117}"
EndProject
Project("{2150E333-8FDC-42A3-9474-1A3956D46DE8}") = "SkillQuest", "SkillQuest", "{545D0A81-BC4B-4969-A077-21714013AAED}"
EndProject
Project("{2150E333-8FDC-42A3-9474-1A3956D46DE8}") = "Launcher", "Launcher", "{B3BA68F5-44FF-4F4F-9FCA-DC8B9E82CFA0}"
EndProject
Project("{2150E333-8FDC-42A3-9474-1A3956D46DE8}") = "Addon", "Addon", "{9A3E5B93-0DD4-4CFF-A1BE-D31626536369}"
EndProject
Project("{2150E333-8FDC-42A3-9474-1A3956D46DE8}") = "Engine", "Engine", "{9870372D-6219-4E82-8930-914616E35D40}"
EndProject
Project("{2150E333-8FDC-42A3-9474-1A3956D46DE8}") = "Audio", "Audio", "{AAF38EED-82E2-458D-AE54-6F9D0364CD7F}"
EndProject
Project("{2150E333-8FDC-42A3-9474-1A3956D46DE8}") = "Graphics", "Graphics", "{6E00E3AA-A17A-4402-8876-0524B3253CD7}"
EndProject
Project("{2150E333-8FDC-42A3-9474-1A3956D46DE8}") = "SkillQuest", "SkillQuest", "{AEECB6DB-7050-4BEB-8949-ACE95D8652D9}"
EndProject
Project("{2150E333-8FDC-42A3-9474-1A3956D46DE8}") = "API", "API", "{5E1D796E-7E7E-4C30-9D34-867FBBF0D042}"
EndProject
Project("{2150E333-8FDC-42A3-9474-1A3956D46DE8}") = "Client", "Client", "{7AB22487-0EF4-4E68-B793-62743CDC4468}"
EndProject
Project("{2150E333-8FDC-42A3-9474-1A3956D46DE8}") = "Server", "Server", "{C512F71A-4641-45BC-8206-5DA1162A1498}"
EndProject
Project("{2150E333-8FDC-42A3-9474-1A3956D46DE8}") = "Shared", "Shared", "{9D207954-9631-4FF7-9CB6-8DB855A08956}"
EndProject
Project("{2150E333-8FDC-42A3-9474-1A3956D46DE8}") = "Client", "Client", "{0DE1A33A-ABBE-4910-A976-FA0F24A34009}"
EndProject
Project("{2150E333-8FDC-42A3-9474-1A3956D46DE8}") = "Server", "Server", "{678DA446-7255-4046-9D7D-9711DE5F4D08}"
EndProject
Project("{2150E333-8FDC-42A3-9474-1A3956D46DE8}") = "Shared", "Shared", "{4FDD3774-C85C-482B-85EA-9153140B12C9}"
EndProject
Project("{2150E333-8FDC-42A3-9474-1A3956D46DE8}") = "Client", "Client", "{8721D957-47C5-40C4-8D96-FF6C1365C24B}"
EndProject
Project("{2150E333-8FDC-42A3-9474-1A3956D46DE8}") = "Server", "Server", "{312D0B9A-3259-4131-B76B-FE75AFDC732B}"
EndProject
Project("{FAE04EC0-301F-11D3-BF4B-00C04F79EFBC}") = "SkillQuest.Client.Addon", "skillquest\addon\skillquest\SkillQuest.Client.Addon\SkillQuest.Client.Addon.csproj", "{7C725BBF-268E-41D9-8574-95D798D1D7C9}"
EndProject
Project("{FAE04EC0-301F-11D3-BF4B-00C04F79EFBC}") = "SkillTest.Client.Addon", "skillquest\addon\skillquest\SkillTest.Client.Addon\SkillTest.Client.Addon.csproj", "{F878C2DA-F054-4332-B665-4EBC12E5F90E}"
EndProject
Project("{FAE04EC0-301F-11D3-BF4B-00C04F79EFBC}") = "SkillTest.Server.Addon", "skillquest\addon\skillquest\SkillTest.Server.Addon\SkillTest.Server.Addon.csproj", "{BB12A479-C4F4-43EC-AB46-8AC1A08BCE80}"
EndProject
Project("{FAE04EC0-301F-11D3-BF4B-00C04F79EFBC}") = "SkillQuest.Server.Addon", "skillquest\addon\skillquest\SkillQuest.Server.Addon\SkillQuest.Server.Addon.csproj", "{6D9863E5-2411-426D-AD49-81FB5AC5765C}"
EndProject
Project("{FAE04EC0-301F-11D3-BF4B-00C04F79EFBC}") = "SkillQuest.Shared.Addon", "skillquest\addon\skillquest\SkillQuest.Shared.Addon\SkillQuest.Shared.Addon.csproj", "{3B41102E-51FC-4C32-9430-3988F31B0D77}"
EndProject
Project("{FAE04EC0-301F-11D3-BF4B-00C04F79EFBC}") = "SkillTest.Shared.Addon", "skillquest\addon\skillquest\SkillTest.Shared.Addon\SkillTest.Shared.Addon.csproj", "{227BB579-CF6E-4195-BD21-572ACA0621D0}"
EndProject
Global
GlobalSection(SolutionConfigurationPlatforms) = preSolution
		Debug|Any CPU = Debug|Any CPU
		Release|Any CPU = Release|Any CPU
EndGlobalSection
	GlobalSection(ProjectConfigurationPlatforms) = postSolution
		{78DDB638-EEAC-48C9-881F-E6BBA986D142}.Debug|Any CPU.ActiveCfg = Debug|Any CPU
		{78DDB638-EEAC-48C9-881F-E6BBA986D142}.Debug|Any CPU.Build.0 = Debug|Any CPU
		{78DDB638-EEAC-48C9-881F-E6BBA986D142}.Release|Any CPU.ActiveCfg = Release|Any CPU
		{78DDB638-EEAC-48C9-881F-E6BBA986D142}.Release|Any CPU.Build.0 = Release|Any CPU
		{F9F06239-B191-43DF-BDB2-B201B65AD428}.Debug|Any CPU.ActiveCfg = Debug|Any CPU
		{F9F06239-B191-43DF-BDB2-B201B65AD428}.Debug|Any CPU.Build.0 = Debug|Any CPU
		{F9F06239-B191-43DF-BDB2-B201B65AD428}.Release|Any CPU.ActiveCfg = Release|Any CPU
		{F9F06239-B191-43DF-BDB2-B201B65AD428}.Release|Any CPU.Build.0 = Release|Any CPU
		{B37B3DC5-BB61-4F81-94B1-9A7D4408AAFF}.Debug|Any CPU.ActiveCfg = Debug|Any CPU
		{B37B3DC5-BB61-4F81-94B1-9A7D4408AAFF}.Debug|Any CPU.Build.0 = Debug|Any CPU
		{B37B3DC5-BB61-4F81-94B1-9A7D4408AAFF}.Release|Any CPU.ActiveCfg = Release|Any CPU
		{B37B3DC5-BB61-4F81-94B1-9A7D4408AAFF}.Release|Any CPU.Build.0 = Release|Any CPU
		{8F71AD0C-5DCB-4005-BCCF-9D0FBE89D202}.Debug|Any CPU.ActiveCfg = Debug|Any CPU
		{8F71AD0C-5DCB-4005-BCCF-9D0FBE89D202}.Debug|Any CPU.Build.0 = Debug|Any CPU
		{8F71AD0C-5DCB-4005-BCCF-9D0FBE89D202}.Release|Any CPU.ActiveCfg = Release|Any CPU
		{8F71AD0C-5DCB-4005-BCCF-9D0FBE89D202}.Release|Any CPU.Build.0 = Release|Any CPU
		{853022C2-FA4B-45DD-810C-94F19FF69DC7}.Debug|Any CPU.ActiveCfg = Debug|Any CPU
		{853022C2-FA4B-45DD-810C-94F19FF69DC7}.Debug|Any CPU.Build.0 = Debug|Any CPU
		{853022C2-FA4B-45DD-810C-94F19FF69DC7}.Release|Any CPU.ActiveCfg = Release|Any CPU
		{853022C2-FA4B-45DD-810C-94F19FF69DC7}.Release|Any CPU.Build.0 = Release|Any CPU
		{669B1FC4-3F6E-49F0-9567-F41F5779E741}.Debug|Any CPU.ActiveCfg = Debug|Any CPU
		{669B1FC4-3F6E-49F0-9567-F41F5779E741}.Debug|Any CPU.Build.0 = Debug|Any CPU
		{669B1FC4-3F6E-49F0-9567-F41F5779E741}.Release|Any CPU.ActiveCfg = Release|Any CPU
		{669B1FC4-3F6E-49F0-9567-F41F5779E741}.Release|Any CPU.Build.0 = Release|Any CPU
		{350B6E0A-9626-4401-AE84-CBC20DA9F740}.Debug|Any CPU.ActiveCfg = Debug|Any CPU
		{350B6E0A-9626-4401-AE84-CBC20DA9F740}.Debug|Any CPU.Build.0 = Debug|Any CPU
		{350B6E0A-9626-4401-AE84-CBC20DA9F740}.Release|Any CPU.ActiveCfg = Release|Any CPU
		{350B6E0A-9626-4401-AE84-CBC20DA9F740}.Release|Any CPU.Build.0 = Release|Any CPU
		{2472204C-A080-4EA2-82E1-E3D39ED32DF7}.Debug|Any CPU.ActiveCfg = Debug|Any CPU
		{2472204C-A080-4EA2-82E1-E3D39ED32DF7}.Debug|Any CPU.Build.0 = Debug|Any CPU
		{2472204C-A080-4EA2-82E1-E3D39ED32DF7}.Release|Any CPU.ActiveCfg = Release|Any CPU
		{2472204C-A080-4EA2-82E1-E3D39ED32DF7}.Release|Any CPU.Build.0 = Release|Any CPU
		{EA7039DF-E7CE-4736-8313-EB64837FDD8C}.Debug|Any CPU.ActiveCfg = Debug|Any CPU
		{EA7039DF-E7CE-4736-8313-EB64837FDD8C}.Debug|Any CPU.Build.0 = Debug|Any CPU
		{EA7039DF-E7CE-4736-8313-EB64837FDD8C}.Release|Any CPU.ActiveCfg = Release|Any CPU
		{EA7039DF-E7CE-4736-8313-EB64837FDD8C}.Release|Any CPU.Build.0 = Release|Any CPU
		{6264AC6D-432D-4759-95E7-AD25FEC38148}.Debug|Any CPU.ActiveCfg = Debug|Any CPU
		{6264AC6D-432D-4759-95E7-AD25FEC38148}.Debug|Any CPU.Build.0 = Debug|Any CPU
		{6264AC6D-432D-4759-95E7-AD25FEC38148}.Release|Any CPU.ActiveCfg = Release|Any CPU
		{6264AC6D-432D-4759-95E7-AD25FEC38148}.Release|Any CPU.Build.0 = Release|Any CPU
		{868CCF07-C98B-41A3-82B5-A13FCF8D49B5}.Debug|Any CPU.ActiveCfg = Debug|Any CPU
		{868CCF07-C98B-41A3-82B5-A13FCF8D49B5}.Debug|Any CPU.Build.0 = Debug|Any CPU
		{868CCF07-C98B-41A3-82B5-A13FCF8D49B5}.Release|Any CPU.ActiveCfg = Release|Any CPU
		{868CCF07-C98B-41A3-82B5-A13FCF8D49B5}.Release|Any CPU.Build.0 = Release|Any CPU
		{41AD4D67-D833-4155-B5AD-C163FE8EDFBE}.Debug|Any CPU.ActiveCfg = Debug|Any CPU
		{41AD4D67-D833-4155-B5AD-C163FE8EDFBE}.Debug|Any CPU.Build.0 = Debug|Any CPU
		{41AD4D67-D833-4155-B5AD-C163FE8EDFBE}.Release|Any CPU.ActiveCfg = Release|Any CPU
		{41AD4D67-D833-4155-B5AD-C163FE8EDFBE}.Release|Any CPU.Build.0 = Release|Any CPU
		{087A108D-8A59-4036-84A6-BD6DC8F8FB42}.Debug|Any CPU.ActiveCfg = Debug|Any CPU
		{087A108D-8A59-4036-84A6-BD6DC8F8FB42}.Debug|Any CPU.Build.0 = Debug|Any CPU
		{087A108D-8A59-4036-84A6-BD6DC8F8FB42}.Release|Any CPU.ActiveCfg = Release|Any CPU
		{087A108D-8A59-4036-84A6-BD6DC8F8FB42}.Release|Any CPU.Build.0 = Release|Any CPU
		{E6C6C681-F393-46A1-ADE4-596B38993374}.Debug|Any CPU.ActiveCfg = Debug|Any CPU
		{E6C6C681-F393-46A1-ADE4-596B38993374}.Debug|Any CPU.Build.0 = Debug|Any CPU
		{E6C6C681-F393-46A1-ADE4-596B38993374}.Release|Any CPU.ActiveCfg = Release|Any CPU
		{E6C6C681-F393-46A1-ADE4-596B38993374}.Release|Any CPU.Build.0 = Release|Any CPU
		{7BACD4D4-3DFB-4260-B485-886517406F1E}.Debug|Any CPU.ActiveCfg = Debug|Any CPU
		{7BACD4D4-3DFB-4260-B485-886517406F1E}.Debug|Any CPU.Build.0 = Debug|Any CPU
		{7BACD4D4-3DFB-4260-B485-886517406F1E}.Release|Any CPU.ActiveCfg = Release|Any CPU
		{7BACD4D4-3DFB-4260-B485-886517406F1E}.Release|Any CPU.Build.0 = Release|Any CPU
		{AD6D8B80-8E2C-43E4-8C57-A61207E49BFB}.Debug|Any CPU.ActiveCfg = Debug|Any CPU
		{AD6D8B80-8E2C-43E4-8C57-A61207E49BFB}.Debug|Any CPU.Build.0 = Debug|Any CPU
		{AD6D8B80-8E2C-43E4-8C57-A61207E49BFB}.Release|Any CPU.ActiveCfg = Release|Any CPU
		{AD6D8B80-8E2C-43E4-8C57-A61207E49BFB}.Release|Any CPU.Build.0 = Release|Any CPU
		{A2F30D04-6660-4360-AC9C-3335EB6056DF}.Debug|Any CPU.ActiveCfg = Debug|Any CPU
		{A2F30D04-6660-4360-AC9C-3335EB6056DF}.Debug|Any CPU.Build.0 = Debug|Any CPU
		{A2F30D04-6660-4360-AC9C-3335EB6056DF}.Release|Any CPU.ActiveCfg = Release|Any CPU
		{A2F30D04-6660-4360-AC9C-3335EB6056DF}.Release|Any CPU.Build.0 = Release|Any CPU
		{BFABD973-58B4-4FA1-AA58-63832A362CCE}.Debug|Any CPU.ActiveCfg = Debug|Any CPU
		{BFABD973-58B4-4FA1-AA58-63832A362CCE}.Debug|Any CPU.Build.0 = Debug|Any CPU
		{BFABD973-58B4-4FA1-AA58-63832A362CCE}.Release|Any CPU.ActiveCfg = Release|Any CPU
		{BFABD973-58B4-4FA1-AA58-63832A362CCE}.Release|Any CPU.Build.0 = Release|Any CPU
		{B78A9B07-49E1-4775-ACFC-D6E3467859CB}.Debug|Any CPU.ActiveCfg = Debug|Any CPU
		{B78A9B07-49E1-4775-ACFC-D6E3467859CB}.Debug|Any CPU.Build.0 = Debug|Any CPU
		{B78A9B07-49E1-4775-ACFC-D6E3467859CB}.Release|Any CPU.ActiveCfg = Release|Any CPU
		{B78A9B07-49E1-4775-ACFC-D6E3467859CB}.Release|Any CPU.Build.0 = Release|Any CPU
		{457820F8-B74F-45A5-AEAE-95B0BA89EE78}.Debug|Any CPU.ActiveCfg = Debug|Any CPU
		{457820F8-B74F-45A5-AEAE-95B0BA89EE78}.Debug|Any CPU.Build.0 = Debug|Any CPU
		{457820F8-B74F-45A5-AEAE-95B0BA89EE78}.Release|Any CPU.ActiveCfg = Release|Any CPU
		{457820F8-B74F-45A5-AEAE-95B0BA89EE78}.Release|Any CPU.Build.0 = Release|Any CPU
		{1EA3F511-3D1E-4F71-A403-5E4E5093E354}.Debug|Any CPU.ActiveCfg = Debug|Any CPU
		{1EA3F511-3D1E-4F71-A403-5E4E5093E354}.Debug|Any CPU.Build.0 = Debug|Any CPU
		{1EA3F511-3D1E-4F71-A403-5E4E5093E354}.Release|Any CPU.ActiveCfg = Release|Any CPU
		{1EA3F511-3D1E-4F71-A403-5E4E5093E354}.Release|Any CPU.Build.0 = Release|Any CPU
		{0E9DEE72-4E6C-4ABA-A24F-E49E7443D2AF}.Debug|Any CPU.ActiveCfg = Debug|Any CPU
		{0E9DEE72-4E6C-4ABA-A24F-E49E7443D2AF}.Debug|Any CPU.Build.0 = Debug|Any CPU
		{0E9DEE72-4E6C-4ABA-A24F-E49E7443D2AF}.Release|Any CPU.ActiveCfg = Release|Any CPU
		{0E9DEE72-4E6C-4ABA-A24F-E49E7443D2AF}.Release|Any CPU.Build.0 = Release|Any CPU
		{DD33C39E-DF25-42E5-BE74-3EC40124D963}.Debug|Any CPU.ActiveCfg = Debug|Any CPU
		{DD33C39E-DF25-42E5-BE74-3EC40124D963}.Debug|Any CPU.Build.0 = Debug|Any CPU
		{DD33C39E-DF25-42E5-BE74-3EC40124D963}.Release|Any CPU.ActiveCfg = Release|Any CPU
		{DD33C39E-DF25-42E5-BE74-3EC40124D963}.Release|Any CPU.Build.0 = Release|Any CPU
		{82ED07DE-2908-4306-9B0F-DC975DE63D87}.Debug|Any CPU.ActiveCfg = Debug|Any CPU
		{82ED07DE-2908-4306-9B0F-DC975DE63D87}.Debug|Any CPU.Build.0 = Debug|Any CPU
		{82ED07DE-2908-4306-9B0F-DC975DE63D87}.Release|Any CPU.ActiveCfg = Release|Any CPU
		{82ED07DE-2908-4306-9B0F-DC975DE63D87}.Release|Any CPU.Build.0 = Release|Any CPU
		{42BF5E6B-375C-4445-8FDD-7BC814B7B753}.Debug|Any CPU.ActiveCfg = Debug|Any CPU
		{42BF5E6B-375C-4445-8FDD-7BC814B7B753}.Debug|Any CPU.Build.0 = Debug|Any CPU
		{42BF5E6B-375C-4445-8FDD-7BC814B7B753}.Release|Any CPU.ActiveCfg = Release|Any CPU
		{42BF5E6B-375C-4445-8FDD-7BC814B7B753}.Release|Any CPU.Build.0 = Release|Any CPU
		{21E2266A-E0DA-4A10-9C0B-95456C85DB55}.Debug|Any CPU.ActiveCfg = Debug|Any CPU
		{21E2266A-E0DA-4A10-9C0B-95456C85DB55}.Debug|Any CPU.Build.0 = Debug|Any CPU
		{21E2266A-E0DA-4A10-9C0B-95456C85DB55}.Release|Any CPU.ActiveCfg = Release|Any CPU
		{21E2266A-E0DA-4A10-9C0B-95456C85DB55}.Release|Any CPU.Build.0 = Release|Any CPU
		{75EC606A-852B-4904-BE1D-1409FD5DE31D}.Debug|Any CPU.ActiveCfg = Debug|Any CPU
		{75EC606A-852B-4904-BE1D-1409FD5DE31D}.Debug|Any CPU.Build.0 = Debug|Any CPU
		{75EC606A-852B-4904-BE1D-1409FD5DE31D}.Release|Any CPU.ActiveCfg = Release|Any CPU
		{75EC606A-852B-4904-BE1D-1409FD5DE31D}.Release|Any CPU.Build.0 = Release|Any CPU
		{24AF1EA4-B118-4518-9DC0-594D6BA7FBDD}.Debug|Any CPU.ActiveCfg = Debug|Any CPU
		{24AF1EA4-B118-4518-9DC0-594D6BA7FBDD}.Debug|Any CPU.Build.0 = Debug|Any CPU
		{24AF1EA4-B118-4518-9DC0-594D6BA7FBDD}.Release|Any CPU.ActiveCfg = Release|Any CPU
		{24AF1EA4-B118-4518-9DC0-594D6BA7FBDD}.Release|Any CPU.Build.0 = Release|Any CPU
		{492E2A0D-D827-4B0A-8800-74D22244B8F1}.Debug|Any CPU.ActiveCfg = Debug|Any CPU
		{492E2A0D-D827-4B0A-8800-74D22244B8F1}.Debug|Any CPU.Build.0 = Debug|Any CPU
		{492E2A0D-D827-4B0A-8800-74D22244B8F1}.Release|Any CPU.ActiveCfg = Release|Any CPU
		{492E2A0D-D827-4B0A-8800-74D22244B8F1}.Release|Any CPU.Build.0 = Release|Any CPU
		{0B25AE24-F5F0-4EC7-80CC-AD94110E249A}.Debug|Any CPU.ActiveCfg = Debug|Any CPU
		{0B25AE24-F5F0-4EC7-80CC-AD94110E249A}.Debug|Any CPU.Build.0 = Debug|Any CPU
		{0B25AE24-F5F0-4EC7-80CC-AD94110E249A}.Release|Any CPU.ActiveCfg = Release|Any CPU
		{0B25AE24-F5F0-4EC7-80CC-AD94110E249A}.Release|Any CPU.Build.0 = Release|Any CPU
		{2A6A1B26-9B90-4287-A842-4AB83523F21A}.Debug|Any CPU.ActiveCfg = Debug|Any CPU
		{2A6A1B26-9B90-4287-A842-4AB83523F21A}.Debug|Any CPU.Build.0 = Debug|Any CPU
		{2A6A1B26-9B90-4287-A842-4AB83523F21A}.Release|Any CPU.ActiveCfg = Release|Any CPU
		{2A6A1B26-9B90-4287-A842-4AB83523F21A}.Release|Any CPU.Build.0 = Release|Any CPU
		{CAE17C1C-AE1D-4514-B187-3A0BE5A1E117}.Debug|Any CPU.ActiveCfg = Debug|Any CPU
		{CAE17C1C-AE1D-4514-B187-3A0BE5A1E117}.Debug|Any CPU.Build.0 = Debug|Any CPU
		{CAE17C1C-AE1D-4514-B187-3A0BE5A1E117}.Release|Any CPU.ActiveCfg = Release|Any CPU
		{CAE17C1C-AE1D-4514-B187-3A0BE5A1E117}.Release|Any CPU.Build.0 = Release|Any CPU
		{7C725BBF-268E-41D9-8574-95D798D1D7C9}.Debug|Any CPU.ActiveCfg = Debug|Any CPU
		{7C725BBF-268E-41D9-8574-95D798D1D7C9}.Debug|Any CPU.Build.0 = Debug|Any CPU
		{7C725BBF-268E-41D9-8574-95D798D1D7C9}.Release|Any CPU.ActiveCfg = Release|Any CPU
		{7C725BBF-268E-41D9-8574-95D798D1D7C9}.Release|Any CPU.Build.0 = Release|Any CPU
		{F878C2DA-F054-4332-B665-4EBC12E5F90E}.Debug|Any CPU.ActiveCfg = Debug|Any CPU
		{F878C2DA-F054-4332-B665-4EBC12E5F90E}.Debug|Any CPU.Build.0 = Debug|Any CPU
		{F878C2DA-F054-4332-B665-4EBC12E5F90E}.Release|Any CPU.ActiveCfg = Release|Any CPU
		{F878C2DA-F054-4332-B665-4EBC12E5F90E}.Release|Any CPU.Build.0 = Release|Any CPU
		{BB12A479-C4F4-43EC-AB46-8AC1A08BCE80}.Debug|Any CPU.ActiveCfg = Debug|Any CPU
		{BB12A479-C4F4-43EC-AB46-8AC1A08BCE80}.Debug|Any CPU.Build.0 = Debug|Any CPU
		{BB12A479-C4F4-43EC-AB46-8AC1A08BCE80}.Release|Any CPU.ActiveCfg = Release|Any CPU
		{BB12A479-C4F4-43EC-AB46-8AC1A08BCE80}.Release|Any CPU.Build.0 = Release|Any CPU
		{6D9863E5-2411-426D-AD49-81FB5AC5765C}.Debug|Any CPU.ActiveCfg = Debug|Any CPU
		{6D9863E5-2411-426D-AD49-81FB5AC5765C}.Debug|Any CPU.Build.0 = Debug|Any CPU
		{6D9863E5-2411-426D-AD49-81FB5AC5765C}.Release|Any CPU.ActiveCfg = Release|Any CPU
		{6D9863E5-2411-426D-AD49-81FB5AC5765C}.Release|Any CPU.Build.0 = Release|Any CPU
		{3B41102E-51FC-4C32-9430-3988F31B0D77}.Debug|Any CPU.ActiveCfg = Debug|Any CPU
		{3B41102E-51FC-4C32-9430-3988F31B0D77}.Debug|Any CPU.Build.0 = Debug|Any CPU
		{3B41102E-51FC-4C32-9430-3988F31B0D77}.Release|Any CPU.ActiveCfg = Release|Any CPU
		{3B41102E-51FC-4C32-9430-3988F31B0D77}.Release|Any CPU.Build.0 = Release|Any CPU
		{227BB579-CF6E-4195-BD21-572ACA0621D0}.Debug|Any CPU.ActiveCfg = Debug|Any CPU
		{227BB579-CF6E-4195-BD21-572ACA0621D0}.Debug|Any CPU.Build.0 = Debug|Any CPU
		{227BB579-CF6E-4195-BD21-572ACA0621D0}.Release|Any CPU.ActiveCfg = Release|Any CPU
		{227BB579-CF6E-4195-BD21-572ACA0621D0}.Release|Any CPU.Build.0 = Release|Any CPU
	EndGlobalSection
	GlobalSection(NestedProjects) = preSolution
		{B3BA68F5-44FF-4F4F-9FCA-DC8B9E82CFA0} = {AEECB6DB-7050-4BEB-8949-ACE95D8652D9}
		{9870372D-6219-4E82-8930-914616E35D40} = {AEECB6DB-7050-4BEB-8949-ACE95D8652D9}
		{9A3E5B93-0DD4-4CFF-A1BE-D31626536369} = {AEECB6DB-7050-4BEB-8949-ACE95D8652D9}
		{545D0A81-BC4B-4969-A077-21714013AAED} = {9A3E5B93-0DD4-4CFF-A1BE-D31626536369}
		{0B25AE24-F5F0-4EC7-80CC-AD94110E249A} = {AAF38EED-82E2-458D-AE54-6F9D0364CD7F}
		{2A6A1B26-9B90-4287-A842-4AB83523F21A} = {AAF38EED-82E2-458D-AE54-6F9D0364CD7F}
		{CAE17C1C-AE1D-4514-B187-3A0BE5A1E117} = {AAF38EED-82E2-458D-AE54-6F9D0364CD7F}
		{42BF5E6B-375C-4445-8FDD-7BC814B7B753} = {6E00E3AA-A17A-4402-8876-0524B3253CD7}
		{75EC606A-852B-4904-BE1D-1409FD5DE31D} = {6E00E3AA-A17A-4402-8876-0524B3253CD7}
		{21E2266A-E0DA-4A10-9C0B-95456C85DB55} = {6E00E3AA-A17A-4402-8876-0524B3253CD7}
		{492E2A0D-D827-4B0A-8800-74D22244B8F1} = {6E00E3AA-A17A-4402-8876-0524B3253CD7}
		{24AF1EA4-B118-4518-9DC0-594D6BA7FBDD} = {6E00E3AA-A17A-4402-8876-0524B3253CD7}
		{8F71AD0C-5DCB-4005-BCCF-9D0FBE89D202} = {5E1D796E-7E7E-4C30-9D34-867FBBF0D042}
		{B37B3DC5-BB61-4F81-94B1-9A7D4408AAFF} = {5E1D796E-7E7E-4C30-9D34-867FBBF0D042}
		{7AB22487-0EF4-4E68-B793-62743CDC4468} = {545D0A81-BC4B-4969-A077-21714013AAED}
		{C512F71A-4641-45BC-8206-5DA1162A1498} = {545D0A81-BC4B-4969-A077-21714013AAED}
		{9D207954-9631-4FF7-9CB6-8DB855A08956} = {545D0A81-BC4B-4969-A077-21714013AAED}
		{0DE1A33A-ABBE-4910-A976-FA0F24A34009} = {9870372D-6219-4E82-8930-914616E35D40}
		{AAF38EED-82E2-458D-AE54-6F9D0364CD7F} = {0DE1A33A-ABBE-4910-A976-FA0F24A34009}
		{6E00E3AA-A17A-4402-8876-0524B3253CD7} = {0DE1A33A-ABBE-4910-A976-FA0F24A34009}
		{82ED07DE-2908-4306-9B0F-DC975DE63D87} = {0DE1A33A-ABBE-4910-A976-FA0F24A34009}
		{678DA446-7255-4046-9D7D-9711DE5F4D08} = {9870372D-6219-4E82-8930-914616E35D40}
		{DD33C39E-DF25-42E5-BE74-3EC40124D963} = {678DA446-7255-4046-9D7D-9711DE5F4D08}
		{4FDD3774-C85C-482B-85EA-9153140B12C9} = {9870372D-6219-4E82-8930-914616E35D40}
		{0E9DEE72-4E6C-4ABA-A24F-E49E7443D2AF} = {4FDD3774-C85C-482B-85EA-9153140B12C9}
		{5E1D796E-7E7E-4C30-9D34-867FBBF0D042} = {4FDD3774-C85C-482B-85EA-9153140B12C9}
		{8721D957-47C5-40C4-8D96-FF6C1365C24B} = {B3BA68F5-44FF-4F4F-9FCA-DC8B9E82CFA0}
		{F9F06239-B191-43DF-BDB2-B201B65AD428} = {8721D957-47C5-40C4-8D96-FF6C1365C24B}
		{312D0B9A-3259-4131-B76B-FE75AFDC732B} = {B3BA68F5-44FF-4F4F-9FCA-DC8B9E82CFA0}
		{78DDB638-EEAC-48C9-881F-E6BBA986D142} = {312D0B9A-3259-4131-B76B-FE75AFDC732B}
		{7C725BBF-268E-41D9-8574-95D798D1D7C9} = {7AB22487-0EF4-4E68-B793-62743CDC4468}
		{F878C2DA-F054-4332-B665-4EBC12E5F90E} = {7AB22487-0EF4-4E68-B793-62743CDC4468}
		{BB12A479-C4F4-43EC-AB46-8AC1A08BCE80} = {C512F71A-4641-45BC-8206-5DA1162A1498}
		{6D9863E5-2411-426D-AD49-81FB5AC5765C} = {C512F71A-4641-45BC-8206-5DA1162A1498}
		{3B41102E-51FC-4C32-9430-3988F31B0D77} = {9D207954-9631-4FF7-9CB6-8DB855A08956}
		{227BB579-CF6E-4195-BD21-572ACA0621D0} = {9D207954-9631-4FF7-9CB6-8DB855A08956}
	EndGlobalSection
EndGlobal
